{
  "requires": true,
  "lockfileVersion": 1,
  "dependencies": {
    "slugify": {
      "version": "1.6.4",
      "resolved": "https://registry.npmjs.org/slugify/-/slugify-1.6.4.tgz",
      "integrity": "sha512-Pcz296CK0uGnTf4iNQId79Uv6/5G16t0g0x3OsxWS8qVSOW+JXNnNHKVcuDiMgEGTWyK6zjlWXo2dvzV/FLf9Q=="
    }
  }
}
